
Microsoft Visual Studio Solution File, Format Version 12.00
# Visual Studio Version 17
VisualStudioVersion = 17.6.33723.286
MinimumVisualStudioVersion = 10.0.40219.1
Project("{FAE04EC0-301F-11D3-BF4B-00C04F79EFBC}") = "Skillfactory.Module18.YoutubeVideoDownloader", "Skillfactory.Module18.YoutubeVideoDownloader\Skillfactory.Module18.YoutubeVideoDownloader.csproj", "{01617D8A-20BF-416D-BC0B-7765131EFBCD}"
EndProject
Global
	GlobalSection(SolutionConfigurationPlatforms) = preSolution
		Debug|Any CPU = Debug|Any CPU
		Release|Any CPU = Release|Any CPU
	EndGlobalSection
	GlobalSection(ProjectConfigurationPlatforms) = postSolution
		{01617D8A-20BF-416D-BC0B-7765131EFBCD}.Debug|Any CPU.ActiveCfg = Debug|Any CPU
		{01617D8A-20BF-416D-BC0B-7765131EFBCD}.Debug|Any CPU.Build.0 = Debug|Any CPU
		{01617D8A-20BF-416D-BC0B-7765131EFBCD}.Release|Any CPU.ActiveCfg = Release|Any CPU
		{01617D8A-20BF-416D-BC0B-7765131EFBCD}.Release|Any CPU.Build.0 = Release|Any CPU
	EndGlobalSection
	GlobalSection(SolutionProperties) = preSolution
		HideSolutionNode = FALSE
	EndGlobalSection
	GlobalSection(ExtensibilityGlobals) = postSolution
		SolutionGuid = {34475A68-0E28-449E-A491-EF7BB96DEC60}
	EndGlobalSection
EndGlobal
